
Microsoft Visual Studio Solution File, Format Version 12.00
# Visual Studio Version 17
VisualStudioVersion = 17.4.33213.308
MinimumVisualStudioVersion = 10.0.40219.1
Project("{FAE04EC0-301F-11D3-BF4B-00C04F79EFBC}") = "userRegistrationPortal", "userRegistrationPortal.csproj", "{58F6E64A-4602-4E04-93E7-4661FDD17BD5}"
EndProject
Global
	GlobalSection(SolutionConfigurationPlatforms) = preSolution
		Debug|Any CPU = Debug|Any CPU
		Release|Any CPU = Release|Any CPU
	EndGlobalSection
	GlobalSection(ProjectConfigurationPlatforms) = postSolution
		{58F6E64A-4602-4E04-93E7-4661FDD17BD5}.Debug|Any CPU.ActiveCfg = Debug|Any CPU
		{58F6E64A-4602-4E04-93E7-4661FDD17BD5}.Debug|Any CPU.Build.0 = Debug|Any CPU
		{58F6E64A-4602-4E04-93E7-4661FDD17BD5}.Release|Any CPU.ActiveCfg = Release|Any CPU
		{58F6E64A-4602-4E04-93E7-4661FDD17BD5}.Release|Any CPU.Build.0 = Release|Any CPU
	EndGlobalSection
	GlobalSection(SolutionProperties) = preSolution
		HideSolutionNode = FALSE
	EndGlobalSection
	GlobalSection(ExtensibilityGlobals) = postSolution
		SolutionGuid = {F64962F7-1E74-4F63-ADDF-B1D750FDD743}
	EndGlobalSection
EndGlobal
